{
  "name": "zradar-nodejs-example",
  "version": "1.0.0",
  "lockfileVersion": 3,
  "requires": true,
  "packages": {
    "": {
      "name": "zradar-nodejs-example",
      "version": "1.0.0",
      "license": "Apache-2.0",
      "dependencies": {
        "@opentelemetry/api": "^1.7.0",
        "@opentelemetry/exporter-trace-otlp-grpc": "^0.45.0",
        "@opentelemetry/resources": "^1.18.0",
        "@opentelemetry/sdk-node": "^0.45.0",
        "@opentelemetry/semantic-conventions": "^1.18.0"
      }
    },
    "node_modules/@grpc/grpc-js": {
      "version": "1.14.4",
      "resolved": "https://registry.npmjs.org/@grpc/grpc-js/-/grpc-js-1.14.4.tgz",
      "integrity": "sha512-k9Dj3DV/itK9D06Y8f190Qgop7/Ui+D0njFV3LHMPwPT75DpXLQohE9Wmz0QElrJnzsjB7KPWiKJbOl7IPDArQ==",
      "license": "Apache-2.0",
      "dependencies": {
        "@grpc/proto-loader": "^0.8.0",
        "@js-sdsl/ordered-map": "^4.4.2"
      },
      "engines": {
        "node": ">=12.10.0"
      }
    },
    "node_modules/@grpc/proto-loader": {
      "version": "0.8.1",
      "resolved": "https://registry.npmjs.org/@grpc/proto-loader/-/proto-loader-0.8.1.tgz",
      "integrity": "sha512-wtF6h+DY6M3YaDBPAmvuuA6jV8Sif9MjtOI5euKFWRgCDl5PeDpPsHR9u2l6St5ceY8AZgoNDww5+HvEsXFsGg==",
      "license": "Apache-2.0",
      "dependencies": {
        "lodash.camelcase": "^4.3.0",
        "long": "^5.0.0",
        "protobufjs": "^7.5.5",
        "yargs": "^17.7.2"
      },
      "bin": {
        "proto-loader-gen-types": "build/bin/proto-loader-gen-types.js"
      },
      "engines": {
        "node": ">=6"
      }
    },
    "node_modules/@js-sdsl/ordered-map": {
      "version": "4.4.2",
      "resolved": "https://registry.npmjs.org/@js-sdsl/ordered-map/-/ordered-map-4.4.2.tgz",
      "integrity": "sha512-iUKgm52T8HOE/makSxjqoWhe95ZJA1/G1sYsGev2JDKUSS14KAgg1LHb+Ba+IPow0xflbnSkOsZcO08C7w1gYw==",
      "license": "MIT",
      "funding": {
        "type": "opencollective",
        "url": "https://opencollective.com/js-sdsl"
      }
    },
    "node_modules/@opentelemetry/api": {
      "version": "1.7.0",
      "resolved": "https://registry.npmjs.org/@opentelemetry/api/-/api-1.7.0.tgz",
      "integrity": "sha512-AdY5wvN0P2vXBi3b29hxZgSFvdhdxPB9+f0B6s//P9Q8nibRWeA3cHm8UmLpio9ABigkVHJ5NMPk+Mz8VCCyrw==",
      "license": "Apache-2.0",
      "engines": {
        "node": ">=8.0.0"
      }
    },
    "node_modules/@opentelemetry/api-logs": {
      "version": "0.45.1",
      "resolved": "https://registry.npmjs.org/@opentelemetry/api-logs/-/api-logs-0.45.1.tgz",
      "integrity": "sha512-zVGq/k70l+kB/Wuv3O/zhptP2hvDhEbhDu9EtHde1iWZJf3FedeYS/nWVcMBkkyPAjS/JKNk86WN4CBQLGUuOw==",
      "license": "Apache-2.0",
      "dependencies": {
        "@opentelemetry/api": "^1.0.0"
      },
      "engines": {
        "node": ">=14"
      }
    },
    "node_modules/@opentelemetry/context-async-hooks": {
      "version": "1.18.1",
      "resolved": "https://registry.npmjs.org/@opentelemetry/context-async-hooks/-/context-async-hooks-1.18.1.tgz",
      "integrity": "sha512-HHfJR32NH2x0b69CACCwH8m1dpNALoCTtpgmIWMNkeMGNUeKT48d4AX4xsF4uIRuUoRTbTgtSBRvS+cF97qwCQ==",
      "license": "Apache-2.0",
      "engines": {
        "node": ">=14"
      },
      "peerDependencies": {
        "@opentelemetry/api": ">=1.0.0 <1.8.0"
      }
    },
    "node_modules/@opentelemetry/core": {
      "version": "1.18.1",
      "resolved": "https://registry.npmjs.org/@opentelemetry/core/-/core-1.18.1.tgz",
      "integrity": "sha512-kvnUqezHMhsQvdsnhnqTNfAJs3ox/isB0SVrM1dhVFw7SsB7TstuVa6fgWnN2GdPyilIFLUvvbTZoVRmx6eiRg==",
      "license": "Apache-2.0",
      "dependencies": {
        "@opentelemetry/semantic-conventions": "1.18.1"
      },
      "engines": {
        "node": ">=14"
      },
      "peerDependencies": {
        "@opentelemetry/api": ">=1.0.0 <1.8.0"
      }
    },
    "node_modules/@opentelemetry/core/node_modules/@opentelemetry/semantic-conventions": {
      "version": "1.18.1",
      "resolved": "https://registry.npmjs.org/@opentelemetry/semantic-conventions/-/semantic-conventions-1.18.1.tgz",
      "integrity": "sha512-+NLGHr6VZwcgE/2lw8zDIufOCGnzsA5CbQIMleXZTrgkBd0TanCX+MiDYJ1TOS4KL/Tqk0nFRxawnaYr6pkZkA==",
      "license": "Apache-2.0",
      "engines": {
        "node": ">=14"
      }
    },
    "node_modules/@opentelemetry/exporter-trace-otlp-grpc": {
      "version": "0.45.1",
      "resolved": "https://registry.npmjs.org/@opentelemetry/exporter-trace-otlp-grpc/-/exporter-trace-otlp-grpc-0.45.1.tgz",
      "integrity": "sha512-c/Wrn6LUqPiRgKhvMydau6kPz4ih6b/uwospiavjXju98ZfVv+KjaIF13cblW+4cQ6ZR3lm7t66umQfXrGBhPQ==",
      "license": "Apache-2.0",
      "dependencies": {
        "@grpc/grpc-js": "^1.7.1",
        "@opentelemetry/core": "1.18.1",
        "@opentelemetry/otlp-grpc-exporter-base": "0.45.1",
        "@opentelemetry/otlp-transformer": "0.45.1",
        "@opentelemetry/resources": "1.18.1",
        "@opentelemetry/sdk-trace-base": "1.18.1"
      },
      "engines": {
        "node": ">=14"
      },
      "peerDependencies": {
        "@opentelemetry/api": "^1.0.0"
      }
    },
    "node_modules/@opentelemetry/exporter-trace-otlp-grpc/node_modules/@opentelemetry/resources": {
      "version": "1.18.1",
      "resolved": "https://registry.npmjs.org/@opentelemetry/resources/-/resources-1.18.1.tgz",
      "integrity": "sha512-JjbcQLYMttXcIabflLRuaw5oof5gToYV9fuXbcsoOeQ0BlbwUn6DAZi++PNsSz2jjPeASfDls10iaO/8BRIPRA==",
      "license": "Apache-2.0",
      "dependencies": {
        "@opentelemetry/core": "1.18.1",
        "@opentelemetry/semantic-conventions": "1.18.1"
      },
      "engines": {
        "node": ">=14"
      },
      "peerDependencies": {
        "@opentelemetry/api": ">=1.0.0 <1.8.0"
      }
    },
    "node_modules/@opentelemetry/exporter-trace-otlp-grpc/node_modules/@opentelemetry/semantic-conventions": {
      "version": "1.18.1",
      "resolved": "https://registry.npmjs.org/@opentelemetry/semantic-conventions/-/semantic-conventions-1.18.1.tgz",
      "integrity": "sha512-+NLGHr6VZwcgE/2lw8zDIufOCGnzsA5CbQIMleXZTrgkBd0TanCX+MiDYJ1TOS4KL/Tqk0nFRxawnaYr6pkZkA==",
      "license": "Apache-2.0",
      "engines": {
        "node": ">=14"
      }
    },
    "node_modules/@opentelemetry/exporter-trace-otlp-http": {
      "version": "0.45.1",
      "resolved": "https://registry.npmjs.org/@opentelemetry/exporter-trace-otlp-http/-/exporter-trace-otlp-http-0.45.1.tgz",
      "integrity": "sha512-a6CGqSG66n5R1mghzLMzyzn3iGap1b0v+0PjKFjfYuwLtpHQBxh2PHxItu+m2mXSwnM4R0GJlk9oUW5sQkCE0w==",
      "license": "Apache-2.0",
      "dependencies": {
        "@opentelemetry/core": "1.18.1",
        "@opentelemetry/otlp-exporter-base": "0.45.1",
        "@opentelemetry/otlp-transformer": "0.45.1",
        "@opentelemetry/resources": "1.18.1",
        "@opentelemetry/sdk-trace-base": "1.18.1"
      },
      "engines": {
        "node": ">=14"
      },
      "peerDependencies": {
        "@opentelemetry/api": "^1.0.0"
      }
    },
    "node_modules/@opentelemetry/exporter-trace-otlp-http/node_modules/@opentelemetry/resources": {
      "version": "1.18.1",
      "resolved": "https://registry.npmjs.org/@opentelemetry/resources/-/resources-1.18.1.tgz",
      "integrity": "sha512-JjbcQLYMttXcIabflLRuaw5oof5gToYV9fuXbcsoOeQ0BlbwUn6DAZi++PNsSz2jjPeASfDls10iaO/8BRIPRA==",
      "license": "Apache-2.0",
      "dependencies": {
        "@opentelemetry/core": "1.18.1",
        "@opentelemetry/semantic-conventions": "1.18.1"
      },
      "engines": {
        "node": ">=14"
      },
      "peerDependencies": {
        "@opentelemetry/api": ">=1.0.0 <1.8.0"
      }
    },
    "node_modules/@opentelemetry/exporter-trace-otlp-http/node_modules/@opentelemetry/semantic-conventions": {
      "version": "1.18.1",
      "resolved": "https://registry.npmjs.org/@opentelemetry/semantic-conventions/-/semantic-conventions-1.18.1.tgz",
      "integrity": "sha512-+NLGHr6VZwcgE/2lw8zDIufOCGnzsA5CbQIMleXZTrgkBd0TanCX+MiDYJ1TOS4KL/Tqk0nFRxawnaYr6pkZkA==",
      "license": "Apache-2.0",
      "engines": {
        "node": ">=14"
      }
    },
    "node_modules/@opentelemetry/exporter-trace-otlp-proto": {
      "version": "0.45.1",
      "resolved": "https://registry.npmjs.org/@opentelemetry/exporter-trace-otlp-proto/-/exporter-trace-otlp-proto-0.45.1.tgz",
      "integrity": "sha512-8QI6QARxNP4y9RUpuQxXjw2HyRNyeuD9CWEhS5ON44Mt+XP7YbOZR3GLx2Ml2JZ8uzB5dd2EGlMgaMuZe36D5Q==",
      "license": "Apache-2.0",
      "dependencies": {
        "@opentelemetry/core": "1.18.1",
        "@opentelemetry/otlp-exporter-base": "0.45.1",
        "@opentelemetry/otlp-proto-exporter-base": "0.45.1",
        "@opentelemetry/otlp-transformer": "0.45.1",
        "@opentelemetry/resources": "1.18.1",
        "@opentelemetry/sdk-trace-base": "1.18.1"
      },
      "engines": {
        "node": ">=14"
      },
      "peerDependencies": {
        "@opentelemetry/api": "^1.0.0"
      }
    },
    "node_modules/@opentelemetry/exporter-trace-otlp-proto/node_modules/@opentelemetry/resources": {
      "version": "1.18.1",
      "resolved": "https://registry.npmjs.org/@opentelemetry/resources/-/resources-1.18.1.tgz",
      "integrity": "sha512-JjbcQLYMttXcIabflLRuaw5oof5gToYV9fuXbcsoOeQ0BlbwUn6DAZi++PNsSz2jjPeASfDls10iaO/8BRIPRA==",
      "license": "Apache-2.0",
      "dependencies": {
        "@opentelemetry/core": "1.18.1",
        "@opentelemetry/semantic-conventions": "1.18.1"
      },
      "engines": {
        "node": ">=14"
      },
      "peerDependencies": {
        "@opentelemetry/api": ">=1.0.0 <1.8.0"
      }
    },
    "node_modules/@opentelemetry/exporter-trace-otlp-proto/node_modules/@opentelemetry/semantic-conventions": {
      "version": "1.18.1",
      "resolved": "https://registry.npmjs.org/@opentelemetry/semantic-conventions/-/semantic-conventions-1.18.1.tgz",
      "integrity": "sha512-+NLGHr6VZwcgE/2lw8zDIufOCGnzsA5CbQIMleXZTrgkBd0TanCX+MiDYJ1TOS4KL/Tqk0nFRxawnaYr6pkZkA==",
      "license": "Apache-2.0",
      "engines": {
        "node": ">=14"
      }
    },
    "node_modules/@opentelemetry/exporter-zipkin": {
      "version": "1.18.1",
      "resolved": "https://registry.npmjs.org/@opentelemetry/exporter-zipkin/-/exporter-zipkin-1.18.1.tgz",
      "integrity": "sha512-RmoWVFXFhvIh3q4szUe8I+/vxuMR0HNsOm39zNxnWJcK7JDwnPra9cLY/M78u6bTgB6Fte8GKgU128vvDzz0Iw==",
      "license": "Apache-2.0",
      "dependencies": {
        "@opentelemetry/core": "1.18.1",
        "@opentelemetry/resources": "1.18.1",
        "@opentelemetry/sdk-trace-base": "1.18.1",
        "@opentelemetry/semantic-conventions": "1.18.1"
      },
      "engines": {
        "node": ">=14"
      },
      "peerDependencies": {
        "@opentelemetry/api": "^1.0.0"
      }
    },
    "node_modules/@opentelemetry/exporter-zipkin/node_modules/@opentelemetry/resources": {
      "version": "1.18.1",
      "resolved": "https://registry.npmjs.org/@opentelemetry/resources/-/resources-1.18.1.tgz",
      "integrity": "sha512-JjbcQLYMttXcIabflLRuaw5oof5gToYV9fuXbcsoOeQ0BlbwUn6DAZi++PNsSz2jjPeASfDls10iaO/8BRIPRA==",
      "license": "Apache-2.0",
      "dependencies": {
        "@opentelemetry/core": "1.18.1",
        "@opentelemetry/semantic-conventions": "1.18.1"
      },
      "engines": {
        "node": ">=14"
      },
      "peerDependencies": {
        "@opentelemetry/api": ">=1.0.0 <1.8.0"
      }
    },
    "node_modules/@opentelemetry/exporter-zipkin/node_modules/@opentelemetry/semantic-conventions": {
      "version": "1.18.1",
      "resolved": "https://registry.npmjs.org/@opentelemetry/semantic-conventions/-/semantic-conventions-1.18.1.tgz",
      "integrity": "sha512-+NLGHr6VZwcgE/2lw8zDIufOCGnzsA5CbQIMleXZTrgkBd0TanCX+MiDYJ1TOS4KL/Tqk0nFRxawnaYr6pkZkA==",
      "license": "Apache-2.0",
      "engines": {
        "node": ">=14"
      }
    },
    "node_modules/@opentelemetry/instrumentation": {
      "version": "0.45.1",
      "resolved": "https://registry.npmjs.org/@opentelemetry/instrumentation/-/instrumentation-0.45.1.tgz",
      "integrity": "sha512-V1Cr0g8hSg35lpW3G/GYVZurrhHrQZJdmP68WyJ83f1FDn3iru+/Vnlto9kiOSm7PHhW+pZGdb9Fbv+mkQ31CA==",
      "license": "Apache-2.0",
      "dependencies": {
        "@types/shimmer": "^1.0.2",
        "import-in-the-middle": "1.4.2",
        "require-in-the-middle": "^7.1.1",
        "semver": "^7.5.2",
        "shimmer": "^1.2.1"
      },
      "engines": {
        "node": ">=14"
      },
      "peerDependencies": {
        "@opentelemetry/api": "^1.3.0"
      }
    },
    "node_modules/@opentelemetry/otlp-exporter-base": {
      "version": "0.45.1",
      "resolved": "https://registry.npmjs.org/@opentelemetry/otlp-exporter-base/-/otlp-exporter-base-0.45.1.tgz",
      "integrity": "sha512-Jvd6x8EwWGKEPWF4tkP4LpTPXiIkkafMNMvMJUfJd5DyNAftL1vAz+48jmi3URL2LMPkGryrvWPz8Tdu917gQw==",
      "license": "Apache-2.0",
      "dependencies": {
        "@opentelemetry/core": "1.18.1"
      },
      "engines": {
        "node": ">=14"
      },
      "peerDependencies": {
        "@opentelemetry/api": "^1.0.0"
      }
    },
    "node_modules/@opentelemetry/otlp-grpc-exporter-base": {
      "version": "0.45.1",
      "resolved": "https://registry.npmjs.org/@opentelemetry/otlp-grpc-exporter-base/-/otlp-grpc-exporter-base-0.45.1.tgz",
      "integrity": "sha512-81X4mlzaAFoQCSXCgvYoMFyTy3mBhf8DD3J8bjW6/PH/rGZPJJkyYW0/YzepMrmBZXqlKZpTOU1aJ8sebVvDvw==",
      "license": "Apache-2.0",
      "dependencies": {
        "@grpc/grpc-js": "^1.7.1",
        "@opentelemetry/core": "1.18.1",
        "@opentelemetry/otlp-exporter-base": "0.45.1",
        "protobufjs": "^7.2.3"
      },
      "engines": {
        "node": ">=14"
      },
      "peerDependencies": {
        "@opentelemetry/api": "^1.0.0"
      }
    },
    "node_modules/@opentelemetry/otlp-proto-exporter-base": {
      "version": "0.45.1",
      "resolved": "https://registry.npmjs.org/@opentelemetry/otlp-proto-exporter-base/-/otlp-proto-exporter-base-0.45.1.tgz",
      "integrity": "sha512-jtDkly6EW8TZHpbPpwJV9YT5PgbtL5B2UU8zcyGDiLT1wkIAYjFJZ1AqWmROIpydu8ohMq0dRwe4u0izNMdHpA==",
      "deprecated": "Package no longer supported. Contact Support at https://www.npmjs.com/support for more info.",
      "license": "Apache-2.0",
      "dependencies": {
        "@opentelemetry/core": "1.18.1",
        "@opentelemetry/otlp-exporter-base": "0.45.1",
        "protobufjs": "^7.2.3"
      },
      "engines": {
        "node": ">=14"
      },
      "peerDependencies": {
        "@opentelemetry/api": "^1.0.0"
      }
    },
    "node_modules/@opentelemetry/otlp-transformer": {
      "version": "0.45.1",
      "resolved": "https://registry.npmjs.org/@opentelemetry/otlp-transformer/-/otlp-transformer-0.45.1.tgz",
      "integrity": "sha512-FhIHgfC0b0XtoBrS5ISfva939yWffNl47ypXR8I7Ru+dunlySpmf2TLocKHYLHGcWiuoeSNO5O4dZCmSKOtpXw==",
      "license": "Apache-2.0",
      "dependencies": {
        "@opentelemetry/api-logs": "0.45.1",
        "@opentelemetry/core": "1.18.1",
        "@opentelemetry/resources": "1.18.1",
        "@opentelemetry/sdk-logs": "0.45.1",
        "@opentelemetry/sdk-metrics": "1.18.1",
        "@opentelemetry/sdk-trace-base": "1.18.1"
      },
      "engines": {
        "node": ">=14"
      },
      "peerDependencies": {
        "@opentelemetry/api": ">=1.3.0 <1.8.0"
      }
    },
    "node_modules/@opentelemetry/otlp-transformer/node_modules/@opentelemetry/resources": {
      "version": "1.18.1",
      "resolved": "https://registry.npmjs.org/@opentelemetry/resources/-/resources-1.18.1.tgz",
      "integrity": "sha512-JjbcQLYMttXcIabflLRuaw5oof5gToYV9fuXbcsoOeQ0BlbwUn6DAZi++PNsSz2jjPeASfDls10iaO/8BRIPRA==",
      "license": "Apache-2.0",
      "dependencies": {
        "@opentelemetry/core": "1.18.1",
        "@opentelemetry/semantic-conventions": "1.18.1"
      },
      "engines": {
        "node": ">=14"
      },
      "peerDependencies": {
        "@opentelemetry/api": ">=1.0.0 <1.8.0"
      }
    },
    "node_modules/@opentelemetry/otlp-transformer/node_modules/@opentelemetry/semantic-conventions": {
      "version": "1.18.1",
      "resolved": "https://registry.npmjs.org/@opentelemetry/semantic-conventions/-/semantic-conventions-1.18.1.tgz",
      "integrity": "sha512-+NLGHr6VZwcgE/2lw8zDIufOCGnzsA5CbQIMleXZTrgkBd0TanCX+MiDYJ1TOS4KL/Tqk0nFRxawnaYr6pkZkA==",
      "license": "Apache-2.0",
      "engines": {
        "node": ">=14"
      }
    },
    "node_modules/@opentelemetry/propagator-b3": {
      "version": "1.18.1",
      "resolved": "https://registry.npmjs.org/@opentelemetry/propagator-b3/-/propagator-b3-1.18.1.tgz",
      "integrity": "sha512-oSTUOsnt31JDx5SoEy27B5jE1/tiPvvE46w7CDKj0R5oZhCCfYH2bbSGa7NOOyDXDNqQDkgqU1DIV/xOd3f8pw==",
      "license": "Apache-2.0",
      "dependencies": {
        "@opentelemetry/core": "1.18.1"
      },
      "engines": {
        "node": ">=14"
      },
      "peerDependencies": {
        "@opentelemetry/api": ">=1.0.0 <1.8.0"
      }
    },
    "node_modules/@opentelemetry/propagator-jaeger": {
      "version": "1.18.1",
      "resolved": "https://registry.npmjs.org/@opentelemetry/propagator-jaeger/-/propagator-jaeger-1.18.1.tgz",
      "integrity": "sha512-Kh4M1Qewv0Tbmts6D8LgNzx99IjdE18LCmY/utMkgVyU7Bg31Yuj+X6ZyoIRKPcD2EV4rVkuRI16WVMRuGbhWA==",
      "license": "Apache-2.0",
      "dependencies": {
        "@opentelemetry/core": "1.18.1"
      },
      "engines": {
        "node": ">=14"
      },
      "peerDependencies": {
        "@opentelemetry/api": ">=1.0.0 <1.8.0"
      }
    },
    "node_modules/@opentelemetry/resources": {
      "version": "1.30.1",
      "resolved": "https://registry.npmjs.org/@opentelemetry/resources/-/resources-1.30.1.tgz",
      "integrity": "sha512-5UxZqiAgLYGFjS4s9qm5mBVo433u+dSPUFWVWXmLAD4wB65oMCoXaJP1KJa9DIYYMeHu3z4BZcStG3LC593cWA==",
      "license": "Apache-2.0",
      "dependencies": {
        "@opentelemetry/core": "1.30.1",
        "@opentelemetry/semantic-conventions": "1.28.0"
      },
      "engines": {
        "node": ">=14"
      },
      "peerDependencies": {
        "@opentelemetry/api": ">=1.0.0 <1.10.0"
      }
    },
    "node_modules/@opentelemetry/resources/node_modules/@opentelemetry/core": {
      "version": "1.30.1",
      "resolved": "https://registry.npmjs.org/@opentelemetry/core/-/core-1.30.1.tgz",
      "integrity": "sha512-OOCM2C/QIURhJMuKaekP3TRBxBKxG/TWWA0TL2J6nXUtDnuCtccy49LUJF8xPFXMX+0LMcxFpCo8M9cGY1W6rQ==",
      "license": "Apache-2.0",
      "dependencies": {
        "@opentelemetry/semantic-conventions": "1.28.0"
      },
      "engines": {
        "node": ">=14"
      },
      "peerDependencies": {
        "@opentelemetry/api": ">=1.0.0 <1.10.0"
      }
    },
    "node_modules/@opentelemetry/resources/node_modules/@opentelemetry/semantic-conventions": {
      "version": "1.28.0",
      "resolved": "https://registry.npmjs.org/@opentelemetry/semantic-conventions/-/semantic-conventions-1.28.0.tgz",
      "integrity": "sha512-lp4qAiMTD4sNWW4DbKLBkfiMZ4jbAboJIGOQr5DvciMRI494OapieI9qiODpOt0XBr1LjIDy1xAGAnVs5supTA==",
      "license": "Apache-2.0",
      "engines": {
        "node": ">=14"
      }
    },
    "node_modules/@opentelemetry/sdk-logs": {
      "version": "0.45.1",
      "resolved": "https://registry.npmjs.org/@opentelemetry/sdk-logs/-/sdk-logs-0.45.1.tgz",
      "integrity": "sha512-z0RRgW4LeKEKnhXS4F/HnqB6+7gsy63YK47F4XAJYHs4s1KKg8XnQ2RkbuL31i/a9nXkylttYtvsT50CGr487g==",
      "license": "Apache-2.0",
      "dependencies": {
        "@opentelemetry/core": "1.18.1",
        "@opentelemetry/resources": "1.18.1"
      },
      "engines": {
        "node": ">=14"
      },
      "peerDependencies": {
        "@opentelemetry/api": ">=1.4.0 <1.8.0",
        "@opentelemetry/api-logs": ">=0.39.1"
      }
    },
    "node_modules/@opentelemetry/sdk-logs/node_modules/@opentelemetry/resources": {
      "version": "1.18.1",
      "resolved": "https://registry.npmjs.org/@opentelemetry/resources/-/resources-1.18.1.tgz",
      "integrity": "sha512-JjbcQLYMttXcIabflLRuaw5oof5gToYV9fuXbcsoOeQ0BlbwUn6DAZi++PNsSz2jjPeASfDls10iaO/8BRIPRA==",
      "license": "Apache-2.0",
      "dependencies": {
        "@opentelemetry/core": "1.18.1",
        "@opentelemetry/semantic-conventions": "1.18.1"
      },
      "engines": {
        "node": ">=14"
      },
      "peerDependencies": {
        "@opentelemetry/api": ">=1.0.0 <1.8.0"
      }
    },
    "node_modules/@opentelemetry/sdk-logs/node_modules/@opentelemetry/semantic-conventions": {
      "version": "1.18.1",
      "resolved": "https://registry.npmjs.org/@opentelemetry/semantic-conventions/-/semantic-conventions-1.18.1.tgz",
      "integrity": "sha512-+NLGHr6VZwcgE/2lw8zDIufOCGnzsA5CbQIMleXZTrgkBd0TanCX+MiDYJ1TOS4KL/Tqk0nFRxawnaYr6pkZkA==",
      "license": "Apache-2.0",
      "engines": {
        "node": ">=14"
      }
    },
    "node_modules/@opentelemetry/sdk-metrics": {
      "version": "1.18.1",
      "resolved": "https://registry.npmjs.org/@opentelemetry/sdk-metrics/-/sdk-metrics-1.18.1.tgz",
      "integrity": "sha512-TEFgeNFhdULBYiCoHbz31Y4PDsfjjxRp8Wmdp6ybLQZPqMNEb+dRq+XN8Xw3ivIgTaf9gYsomgV5ensX99RuEQ==",
      "license": "Apache-2.0",
      "dependencies": {
        "@opentelemetry/core": "1.18.1",
        "@opentelemetry/resources": "1.18.1",
        "lodash.merge": "^4.6.2"
      },
      "engines": {
        "node": ">=14"
      },
      "peerDependencies": {
        "@opentelemetry/api": ">=1.3.0 <1.8.0"
      }
    },
    "node_modules/@opentelemetry/sdk-metrics/node_modules/@opentelemetry/resources": {
      "version": "1.18.1",
      "resolved": "https://registry.npmjs.org/@opentelemetry/resources/-/resources-1.18.1.tgz",
      "integrity": "sha512-JjbcQLYMttXcIabflLRuaw5oof5gToYV9fuXbcsoOeQ0BlbwUn6DAZi++PNsSz2jjPeASfDls10iaO/8BRIPRA==",
      "license": "Apache-2.0",
      "dependencies": {
        "@opentelemetry/core": "1.18.1",
        "@opentelemetry/semantic-conventions": "1.18.1"
      },
      "engines": {
        "node": ">=14"
      },
      "peerDependencies": {
        "@opentelemetry/api": ">=1.0.0 <1.8.0"
      }
    },
    "node_modules/@opentelemetry/sdk-metrics/node_modules/@opentelemetry/semantic-conventions": {
      "version": "1.18.1",
      "resolved": "https://registry.npmjs.org/@opentelemetry/semantic-conventions/-/semantic-conventions-1.18.1.tgz",
      "integrity": "sha512-+NLGHr6VZwcgE/2lw8zDIufOCGnzsA5CbQIMleXZTrgkBd0TanCX+MiDYJ1TOS4KL/Tqk0nFRxawnaYr6pkZkA==",
      "license": "Apache-2.0",
      "engines": {
        "node": ">=14"
      }
    },
    "node_modules/@opentelemetry/sdk-node": {
      "version": "0.45.1",
      "resolved": "https://registry.npmjs.org/@opentelemetry/sdk-node/-/sdk-node-0.45.1.tgz",
      "integrity": "sha512-VtYvlz2ydfJLuOUhCnGER69mz2KUYk3/kpbqI1FWlUP+kzTwivMuy7hIPPv6KmuOIMYWmW4lM+WyJACHqNvROw==",
      "license": "Apache-2.0",
      "dependencies": {
        "@opentelemetry/api-logs": "0.45.1",
        "@opentelemetry/core": "1.18.1",
        "@opentelemetry/exporter-trace-otlp-grpc": "0.45.1",
        "@opentelemetry/exporter-trace-otlp-http": "0.45.1",
        "@opentelemetry/exporter-trace-otlp-proto": "0.45.1",
        "@opentelemetry/exporter-zipkin": "1.18.1",
        "@opentelemetry/instrumentation": "0.45.1",
        "@opentelemetry/resources": "1.18.1",
        "@opentelemetry/sdk-logs": "0.45.1",
        "@opentelemetry/sdk-metrics": "1.18.1",
        "@opentelemetry/sdk-trace-base": "1.18.1",
        "@opentelemetry/sdk-trace-node": "1.18.1",
        "@opentelemetry/semantic-conventions": "1.18.1"
      },
      "engines": {
        "node": ">=14"
      },
      "peerDependencies": {
        "@opentelemetry/api": ">=1.3.0 <1.8.0"
      }
    },
    "node_modules/@opentelemetry/sdk-node/node_modules/@opentelemetry/resources": {
      "version": "1.18.1",
      "resolved": "https://registry.npmjs.org/@opentelemetry/resources/-/resources-1.18.1.tgz",
      "integrity": "sha512-JjbcQLYMttXcIabflLRuaw5oof5gToYV9fuXbcsoOeQ0BlbwUn6DAZi++PNsSz2jjPeASfDls10iaO/8BRIPRA==",
      "license": "Apache-2.0",
      "dependencies": {
        "@opentelemetry/core": "1.18.1",
        "@opentelemetry/semantic-conventions": "1.18.1"
      },
      "engines": {
        "node": ">=14"
      },
      "peerDependencies": {
        "@opentelemetry/api": ">=1.0.0 <1.8.0"
      }
    },
    "node_modules/@opentelemetry/sdk-node/node_modules/@opentelemetry/semantic-conventions": {
      "version": "1.18.1",
      "resolved": "https://registry.npmjs.org/@opentelemetry/semantic-conventions/-/semantic-conventions-1.18.1.tgz",
      "integrity": "sha512-+NLGHr6VZwcgE/2lw8zDIufOCGnzsA5CbQIMleXZTrgkBd0TanCX+MiDYJ1TOS4KL/Tqk0nFRxawnaYr6pkZkA==",
      "license": "Apache-2.0",
      "engines": {
        "node": ">=14"
      }
    },
    "node_modules/@opentelemetry/sdk-trace-base": {
      "version": "1.18.1",
      "resolved": "https://registry.npmjs.org/@opentelemetry/sdk-trace-base/-/sdk-trace-base-1.18.1.tgz",
      "integrity": "sha512-tRHfDxN5dO+nop78EWJpzZwHsN1ewrZRVVwo03VJa3JQZxToRDH29/+MB24+yoa+IArerdr7INFJiX/iN4gjqg==",
      "license": "Apache-2.0",
      "dependencies": {
        "@opentelemetry/core": "1.18.1",
        "@opentelemetry/resources": "1.18.1",
        "@opentelemetry/semantic-conventions": "1.18.1"
      },
      "engines": {
        "node": ">=14"
      },
      "peerDependencies": {
        "@opentelemetry/api": ">=1.0.0 <1.8.0"
      }
    },
    "node_modules/@opentelemetry/sdk-trace-base/node_modules/@opentelemetry/resources": {
      "version": "1.18.1",
      "resolved": "https://registry.npmjs.org/@opentelemetry/resources/-/resources-1.18.1.tgz",
      "integrity": "sha512-JjbcQLYMttXcIabflLRuaw5oof5gToYV9fuXbcsoOeQ0BlbwUn6DAZi++PNsSz2jjPeASfDls10iaO/8BRIPRA==",
      "license": "Apache-2.0",
      "dependencies": {
        "@opentelemetry/core": "1.18.1",
        "@opentelemetry/semantic-conventions": "1.18.1"
      },
      "engines": {
        "node": ">=14"
      },
      "peerDependencies": {
        "@opentelemetry/api": ">=1.0.0 <1.8.0"
      }
    },
    "node_modules/@opentelemetry/sdk-trace-base/node_modules/@opentelemetry/semantic-conventions": {
      "version": "1.18.1",
      "resolved": "https://registry.npmjs.org/@opentelemetry/semantic-conventions/-/semantic-conventions-1.18.1.tgz",
      "integrity": "sha512-+NLGHr6VZwcgE/2lw8zDIufOCGnzsA5CbQIMleXZTrgkBd0TanCX+MiDYJ1TOS4KL/Tqk0nFRxawnaYr6pkZkA==",
      "license": "Apache-2.0",
      "engines": {
        "node": ">=14"
      }
    },
    "node_modules/@opentelemetry/sdk-trace-node": {
      "version": "1.18.1",
      "resolved": "https://registry.npmjs.org/@opentelemetry/sdk-trace-node/-/sdk-trace-node-1.18.1.tgz",
      "integrity": "sha512-ML0l9TNlfLoplLF1F8lb95NGKgdm6OezDS3Ymqav9sYxMd5bnH2LZVzd4xEF+ov5vpZJOGdWxJMs2nC9no7+xA==",
      "license": "Apache-2.0",
      "dependencies": {
        "@opentelemetry/context-async-hooks": "1.18.1",
        "@opentelemetry/core": "1.18.1",
        "@opentelemetry/propagator-b3": "1.18.1",
        "@opentelemetry/propagator-jaeger": "1.18.1",
        "@opentelemetry/sdk-trace-base": "1.18.1",
        "semver": "^7.5.2"
      },
      "engines": {
        "node": ">=14"
      },
      "peerDependencies": {
        "@opentelemetry/api": ">=1.0.0 <1.8.0"
      }
    },
    "node_modules/@opentelemetry/semantic-conventions": {
      "version": "1.41.1",
      "resolved": "https://registry.npmjs.org/@opentelemetry/semantic-conventions/-/semantic-conventions-1.41.1.tgz",
      "integrity": "sha512-/UhIkaZgPutTFmQ7RnIJGgDXZmtEJ7Dvi86xNTFWcnRxVRNk/aotsqDJYeEvDP+FSMB2SdW+pQzNMcWP0rwuNA==",
      "license": "Apache-2.0",
      "engines": {
        "node": ">=14"
      }
    },
    "node_modules/@protobufjs/aspromise": {
      "version": "1.1.2",
      "resolved": "https://registry.npmjs.org/@protobufjs/aspromise/-/aspromise-1.1.2.tgz",
      "integrity": "sha512-j+gKExEuLmKwvz3OgROXtrJ2UG2x8Ch2YZUxahh+s1F2HZ+wAceUNLkvy6zKCPVRkU++ZWQrdxsUeQXmcg4uoQ==",
      "license": "BSD-3-Clause"
    },
    "node_modules/@protobufjs/base64": {
      "version": "1.1.2",
      "resolved": "https://registry.npmjs.org/@protobufjs/base64/-/base64-1.1.2.tgz",
      "integrity": "sha512-AZkcAA5vnN/v4PDqKyMR5lx7hZttPDgClv83E//FMNhR2TMcLUhfRUBHCmSl0oi9zMgDDqRUJkSxO3wm85+XLg==",
      "license": "BSD-3-Clause"
    },
    "node_modules/@protobufjs/codegen": {
      "version": "2.0.5",
      "resolved": "https://registry.npmjs.org/@protobufjs/codegen/-/codegen-2.0.5.tgz",
      "integrity": "sha512-zgXFLzW3Ap33e6d0Wlj4MGIm6Ce8O89n/apUaGNB/jx+hw+ruWEp7EwGUshdLKVRCxZW12fp9r40E1mQrf/34g==",
      "license": "BSD-3-Clause"
    },
    "node_modules/@protobufjs/eventemitter": {
      "version": "1.1.1",
      "resolved": "https://registry.npmjs.org/@protobufjs/eventemitter/-/eventemitter-1.1.1.tgz",
      "integrity": "sha512-vW1GmwMZNnL+gMRaovlh9yZX74kc+TTU3FObkkurpMaRtBfLP3ldjS9KQWlwZgraRE0+dheEEoAxdzcJQ8eXZg==",
      "license": "BSD-3-Clause"
    },
    "node_modules/@protobufjs/fetch": {
      "version": "1.1.1",
      "resolved": "https://registry.npmjs.org/@protobufjs/fetch/-/fetch-1.1.1.tgz",
      "integrity": "sha512-GpptLrs57adMSuHi3VNj0mAF8dwh36LMaYF6XyJ6JMWlVsc+t42tm1HSEDmOs3A8fC9yyeisgLhsTVQokOZ0zw==",
      "license": "BSD-3-Clause",
      "dependencies": {
        "@protobufjs/aspromise": "^1.1.1"
      }
    },
    "node_modules/@protobufjs/float": {
      "version": "1.0.2",
      "resolved": "https://registry.npmjs.org/@protobufjs/float/-/float-1.0.2.tgz",
      "integrity": "sha512-Ddb+kVXlXst9d+R9PfTIxh1EdNkgoRe5tOX6t01f1lYWOvJnSPDBlG241QLzcyPdoNTsblLUdujGSE4RzrTZGQ==",
      "license": "BSD-3-Clause"
    },
    "node_modules/@protobufjs/path": {
      "version": "1.1.2",
      "resolved": "https://registry.npmjs.org/@protobufjs/path/-/path-1.1.2.tgz",
      "integrity": "sha512-6JOcJ5Tm08dOHAbdR3GrvP+yUUfkjG5ePsHYczMFLq3ZmMkAD98cDgcT2iA1lJ9NVwFd4tH/iSSoe44YWkltEA==",
      "license": "BSD-3-Clause"
    },
    "node_modules/@protobufjs/pool": {
      "version": "1.1.0",
      "resolved": "https://registry.npmjs.org/@protobufjs/pool/-/pool-1.1.0.tgz",
      "integrity": "sha512-0kELaGSIDBKvcgS4zkjz1PeddatrjYcmMWOlAuAPwAeccUrPHdUqo/J6LiymHHEiJT5NrF1UVwxY14f+fy4WQw==",
      "license": "BSD-3-Clause"
    },
    "node_modules/@protobufjs/utf8": {
      "version": "1.1.1",
      "resolved": "https://registry.npmjs.org/@protobufjs/utf8/-/utf8-1.1.1.tgz",
      "integrity": "sha512-oOAWABowe8EAbMyWKM0tYDKi8Yaox52D+HWZhAIJqQXbqe0xI/GV7FhLWqlEKreMkfDjshR5FKgi3mnle0h6Eg==",
      "license": "BSD-3-Clause"
    },
    "node_modules/@types/node": {
      "version": "26.0.1",
      "resolved": "https://registry.npmjs.org/@types/node/-/node-26.0.1.tgz",
      "integrity": "sha512-fc3KiUoBt6kie0N9bIW3E47vZsuaMf0PM2AaUpLCLT0s/LvX1nxAim6Fc049cNxODPpGm6qRAuUOB86SkRuPQw==",
      "license": "MIT",
      "dependencies": {
        "undici-types": "~8.3.0"
      }
    },
    "node_modules/@types/shimmer": {
      "version": "1.2.0",
      "resolved": "https://registry.npmjs.org/@types/shimmer/-/shimmer-1.2.0.tgz",
      "integrity": "sha512-UE7oxhQLLd9gub6JKIAhDq06T0F6FnztwMNRvYgjeQSBeMc1ZG/tA47EwfduvkuQS8apbkM/lpLpWsaCeYsXVg==",
      "license": "MIT"
    },
    "node_modules/acorn": {
      "version": "8.17.0",
      "resolved": "https://registry.npmjs.org/acorn/-/acorn-8.17.0.tgz",
      "integrity": "sha512-xRQbDb9BnwDafYNn6Vwl839DYVjqXYb1XVGtWAZ1kcDc6iwAL4hg3B1dZlRiuENFeO2H53gFG3in621AdERVAg==",
      "license": "MIT",
      "bin": {
        "acorn": "bin/acorn"
      },
      "engines": {
        "node": ">=0.4.0"
      }
    },
    "node_modules/acorn-import-assertions": {
      "version": "1.9.0",
      "resolved": "https://registry.npmjs.org/acorn-import-assertions/-/acorn-import-assertions-1.9.0.tgz",
      "integrity": "sha512-cmMwop9x+8KFhxvKrKfPYmN6/pKTYYHBqLa0DfvVZcKMJWNyWLnaqND7dx/qn66R7ewM1UX5XMaDVP5wlVTaVA==",
      "deprecated": "package has been renamed to acorn-import-attributes",
      "license": "MIT",
      "peerDependencies": {
        "acorn": "^8"
      }
    },
    "node_modules/ansi-regex": {
      "version": "5.0.1",
      "resolved": "https://registry.npmjs.org/ansi-regex/-/ansi-regex-5.0.1.tgz",
      "integrity": "sha512-quJQXlTSUGL2LH9SUXo8VwsY4soanhgo6LNSm84E1LBcE8s3O0wpdiRzyR9z/ZZJMlMWv37qOOb9pdJlMUEKFQ==",
      "license": "MIT",
      "engines": {
        "node": ">=8"
      }
    },
    "node_modules/ansi-styles": {
      "version": "4.3.0",
      "resolved": "https://registry.npmjs.org/ansi-styles/-/ansi-styles-4.3.0.tgz",
      "integrity": "sha512-zbB9rCJAT1rbjiVDb2hqKFHNYLxgtk8NURxZ3IZwD3F6NtxbXZQCnnSi1Lkx+IDohdPlFp222wVALIheZJQSEg==",
      "license": "MIT",
      "dependencies": {
        "color-convert": "^2.0.1"
      },
      "engines": {
        "node": ">=8"
      },
      "funding": {
        "url": "https://github.com/chalk/ansi-styles?sponsor=1"
      }
    },
    "node_modules/cjs-module-lexer": {
      "version": "1.4.3",
      "resolved": "https://registry.npmjs.org/cjs-module-lexer/-/cjs-module-lexer-1.4.3.tgz",
      "integrity": "sha512-9z8TZaGM1pfswYeXrUpzPrkx8UnWYdhJclsiYMm6x/w5+nN+8Tf/LnAgfLGQCm59qAOxU8WwHEq2vNwF6i4j+Q==",
      "license": "MIT"
    },
    "node_modules/cliui": {
      "version": "8.0.1",
      "resolved": "https://registry.npmjs.org/cliui/-/cliui-8.0.1.tgz",
      "integrity": "sha512-BSeNnyus75C4//NQ9gQt1/csTXyo/8Sb+afLAkzAptFuMsod9HFokGNudZpi/oQV73hnVK+sR+5PVRMd+Dr7YQ==",
      "license": "ISC",
      "dependencies": {
        "string-width": "^4.2.0",
        "strip-ansi": "^6.0.1",
        "wrap-ansi": "^7.0.0"
      },
      "engines": {
        "node": ">=12"
      }
    },
    "node_modules/color-convert": {
      "version": "2.0.1",
      "resolved": "https://registry.npmjs.org/color-convert/-/color-convert-2.0.1.tgz",
      "integrity": "sha512-RRECPsj7iu/xb5oKYcsFHSppFNnsj/52OVTRKb4zP5onXwVF3zVmmToNcOfGC+CRDpfK/U584fMg38ZHCaElKQ==",
      "license": "MIT",
      "dependencies": {
        "color-name": "~1.1.4"
      },
      "engines": {
        "node": ">=7.0.0"
      }
    },
    "node_modules/color-name": {
      "version": "1.1.4",
      "resolved": "https://registry.npmjs.org/color-name/-/color-name-1.1.4.tgz",
      "integrity": "sha512-dOy+3AuW3a2wNbZHIuMZpTcgjGuLU/uBL/ubcZF9OXbDo8ff4O8yVp5Bf0efS8uEoYo5q4Fx7dY9OgQGXgAsQA==",
      "license": "MIT"
    },
    "node_modules/debug": {
      "version": "4.4.3",
      "resolved": "https://registry.npmjs.org/debug/-/debug-4.4.3.tgz",
      "integrity": "sha512-RGwwWnwQvkVfavKVt22FGLw+xYSdzARwm0ru6DhTVA3umU5hZc28V3kO4stgYryrTlLpuvgI9GiijltAjNbcqA==",
      "license": "MIT",
      "dependencies": {
        "ms": "^2.1.3"
      },
      "engines": {
        "node": ">=6.0"
      },
      "peerDependenciesMeta": {
        "supports-color": {
          "optional": true
        }
      }
    },
    "node_modules/emoji-regex": {
      "version": "8.0.0",
      "resolved": "https://registry.npmjs.org/emoji-regex/-/emoji-regex-8.0.0.tgz",
      "integrity": "sha512-MSjYzcWNOA0ewAHpz0MxpYFvwg6yjy1NG3xteoqz644VCo/RPgnr1/GGt+ic3iJTzQ8Eu3TdM14SawnVUmGE6A==",
      "license": "MIT"
    },
    "node_modules/es-errors": {
      "version": "1.3.0",
      "resolved": "https://registry.npmjs.org/es-errors/-/es-errors-1.3.0.tgz",
      "integrity": "sha512-Zf5H2Kxt2xjTvbJvP2ZWLEICxA6j+hAmMzIlypy4xcBg1vKVnx89Wy0GbS+kf5cwCVFFzdCFh2XSCFNULS6csw==",
      "license": "MIT",
      "engines": {
        "node": ">= 0.4"
      }
    },
    "node_modules/escalade": {
      "version": "3.2.0",
      "resolved": "https://registry.npmjs.org/escalade/-/escalade-3.2.0.tgz",
      "integrity": "sha512-WUj2qlxaQtO4g6Pq5c29GTcWGDyd8itL8zTlipgECz3JesAiiOKotd8JU6otB3PACgG6xkJUyVhboMS+bje/jA==",
      "license": "MIT",
      "engines": {
        "node": ">=6"
      }
    },
    "node_modules/function-bind": {
      "version": "1.1.2",
      "resolved": "https://registry.npmjs.org/function-bind/-/function-bind-1.1.2.tgz",
      "integrity": "sha512-7XHNxH7qX9xG5mIwxkhumTox/MIRNcOgDrxWsMt2pAr23WHp6MrRlN7FBSFpCpr+oVO0F744iUgR82nJMfG2SA==",
      "license": "MIT",
      "funding": {
        "url": "https://github.com/sponsors/ljharb"
      }
    },
    "node_modules/get-caller-file": {
      "version": "2.0.5",
      "resolved": "https://registry.npmjs.org/get-caller-file/-/get-caller-file-2.0.5.tgz",
      "integrity": "sha512-DyFP3BM/3YHTQOCUL/w0OZHR0lpKeGrxotcHWcqNEdnltqFwXVfhEBQ94eIo34AfQpo0rGki4cyIiftY06h2Fg==",
      "license": "ISC",
      "engines": {
        "node": "6.* || 8.* || >= 10.*"
      }
    },
    "node_modules/hasown": {
      "version": "2.0.4",
      "resolved": "https://registry.npmjs.org/hasown/-/hasown-2.0.4.tgz",
      "integrity": "sha512-T2UbfbBEF32wiepXIsMlTW9+dDYC6wMh/t/vYA4tuOMKqWz/n3vr1NFSxQiyP+zk2mXsoMA/i/7qV6LKut1t1A==",
      "license": "MIT",
      "dependencies": {
        "function-bind": "^1.1.2"
      },
      "engines": {
        "node": ">= 0.4"
      }
    },
    "node_modules/import-in-the-middle": {
      "version": "1.4.2",
      "resolved": "https://registry.npmjs.org/import-in-the-middle/-/import-in-the-middle-1.4.2.tgz",
      "integrity": "sha512-9WOz1Yh/cvO/p69sxRmhyQwrIGGSp7EIdcb+fFNVi7CzQGQB8U1/1XrKVSbEd/GNOAeM0peJtmi7+qphe7NvAw==",
      "license": "Apache-2.0",
      "dependencies": {
        "acorn": "^8.8.2",
        "acorn-import-assertions": "^1.9.0",
        "cjs-module-lexer": "^1.2.2",
        "module-details-from-path": "^1.0.3"
      }
    },
    "node_modules/is-core-module": {
      "version": "2.16.2",
      "resolved": "https://registry.npmjs.org/is-core-module/-/is-core-module-2.16.2.tgz",
      "integrity": "sha512-evOr8xfXKxE6qSR0hSXL2r3sd7ALj8+7jQEUvPYcm5sgZFdJ+AYzT6yNmJenvIYQBgIGwfwz08sL8zoL7yq2BA==",
      "license": "MIT",
      "dependencies": {
        "hasown": "^2.0.3"
      },
      "engines": {
        "node": ">= 0.4"
      },
      "funding": {
        "url": "https://github.com/sponsors/ljharb"
      }
    },
    "node_modules/is-fullwidth-code-point": {
      "version": "3.0.0",
      "resolved": "https://registry.npmjs.org/is-fullwidth-code-point/-/is-fullwidth-code-point-3.0.0.tgz",
      "integrity": "sha512-zymm5+u+sCsSWyD9qNaejV3DFvhCKclKdizYaJUuHA83RLjb7nSuGnddCHGv0hk+KY7BMAlsWeK4Ueg6EV6XQg==",
      "license": "MIT",
      "engines": {
        "node": ">=8"
      }
    },
    "node_modules/lodash.camelcase": {
      "version": "4.3.0",
      "resolved": "https://registry.npmjs.org/lodash.camelcase/-/lodash.camelcase-4.3.0.tgz",
      "integrity": "sha512-TwuEnCnxbc3rAvhf/LbG7tJUDzhqXyFnv3dtzLOPgCG/hODL7WFnsbwktkD7yUV0RrreP/l1PALq/YSg6VvjlA==",
      "license": "MIT"
    },
    "node_modules/lodash.merge": {
      "version": "4.6.2",
      "resolved": "https://registry.npmjs.org/lodash.merge/-/lodash.merge-4.6.2.tgz",
      "integrity": "sha512-0KpjqXRVvrYyCsX1swR/XTK0va6VQkQM6MNo7PqW77ByjAhoARA8EfrP1N4+KlKj8YS0ZUCtRT/YUuhyYDujIQ==",
      "license": "MIT"
    },
    "node_modules/long": {
      "version": "5.3.2",
      "resolved": "https://registry.npmjs.org/long/-/long-5.3.2.tgz",
      "integrity": "sha512-mNAgZ1GmyNhD7AuqnTG3/VQ26o760+ZYBPKjPvugO8+nLbYfX6TVpJPseBvopbdY+qpZ/lKUnmEc1LeZYS3QAA==",
      "license": "Apache-2.0"
    },
    "node_modules/module-details-from-path": {
      "version": "1.0.4",
      "resolved": "https://registry.npmjs.org/module-details-from-path/-/module-details-from-path-1.0.4.tgz",
      "integrity": "sha512-EGWKgxALGMgzvxYF1UyGTy0HXX/2vHLkw6+NvDKW2jypWbHpjQuj4UMcqQWXHERJhVGKikolT06G3bcKe4fi7w==",
      "license": "MIT"
    },
    "node_modules/ms": {
      "version": "2.1.3",
      "resolved": "https://registry.npmjs.org/ms/-/ms-2.1.3.tgz",
      "integrity": "sha512-6FlzubTLZG3J2a/NVCAleEhjzq5oxgHyaCU9yYXvcLsvoVaHJq/s5xXI6/XXP6tz7R9xAOtHnSO/tXtF3WRTlA==",
      "license": "MIT"
    },
    "node_modules/path-parse": {
      "version": "1.0.7",
      "resolved": "https://registry.npmjs.org/path-parse/-/path-parse-1.0.7.tgz",
      "integrity": "sha512-LDJzPVEEEPR+y48z93A0Ed0yXb8pAByGWo/k5YYdYgpY2/2EsOsksJrq7lOHxryrVOn1ejG6oAp8ahvOIQD8sw==",
      "license": "MIT"
    },
    "node_modules/protobufjs": {
      "version": "7.6.4",
      "resolved": "https://registry.npmjs.org/protobufjs/-/protobufjs-7.6.4.tgz",
      "integrity": "sha512-RJJPTTpvFfHcWLkIa2JFWK4XvtSzS0yEWDmunqHXli1h3JlkbcQZXDZdcWxv+JK3Xsl5/UFDPZ0iGm7DAengYw==",
      "hasInstallScript": true,
      "license": "BSD-3-Clause",
      "dependencies": {
        "@protobufjs/aspromise": "^1.1.2",
        "@protobufjs/base64": "^1.1.2",
        "@protobufjs/codegen": "^2.0.5",
        "@protobufjs/eventemitter": "^1.1.1",
        "@protobufjs/fetch": "^1.1.1",
        "@protobufjs/float": "^1.0.2",
        "@protobufjs/path": "^1.1.2",
        "@protobufjs/pool": "^1.1.0",
        "@protobufjs/utf8": "^1.1.1",
        "@types/node": ">=13.7.0",
        "long": "^5.3.2"
      },
      "engines": {
        "node": ">=12.0.0"
      }
    },
    "node_modules/require-directory": {
      "version": "2.1.1",
      "resolved": "https://registry.npmjs.org/require-directory/-/require-directory-2.1.1.tgz",
      "integrity": "sha512-fGxEI7+wsG9xrvdjsrlmL22OMTTiHRwAMroiEeMgq8gzoLC/PQr7RsRDSTLUg/bZAZtF+TVIkHc6/4RIKrui+Q==",
      "license": "MIT",
      "engines": {
        "node": ">=0.10.0"
      }
    },
    "node_modules/require-in-the-middle": {
      "version": "7.5.2",
      "resolved": "https://registry.npmjs.org/require-in-the-middle/-/require-in-the-middle-7.5.2.tgz",
      "integrity": "sha512-gAZ+kLqBdHarXB64XpAe2VCjB7rIRv+mU8tfRWziHRJ5umKsIHN2tLLv6EtMw7WCdP19S0ERVMldNvxYCHnhSQ==",
      "license": "MIT",
      "dependencies": {
        "debug": "^4.3.5",
        "module-details-from-path": "^1.0.3",
        "resolve": "^1.22.8"
      },
      "engines": {
        "node": ">=8.6.0"
      }
    },
    "node_modules/resolve": {
      "version": "1.22.12",
      "resolved": "https://registry.npmjs.org/resolve/-/resolve-1.22.12.tgz",
      "integrity": "sha512-TyeJ1zif53BPfHootBGwPRYT1RUt6oGWsaQr8UyZW/eAm9bKoijtvruSDEmZHm92CwS9nj7/fWttqPCgzep8CA==",
      "license": "MIT",
      "dependencies": {
        "es-errors": "^1.3.0",
        "is-core-module": "^2.16.1",
        "path-parse": "^1.0.7",
        "supports-preserve-symlinks-flag": "^1.0.0"
      },
      "bin": {
        "resolve": "bin/resolve"
      },
      "engines": {
        "node": ">= 0.4"
      },
      "funding": {
        "url": "https://github.com/sponsors/ljharb"
      }
    },
    "node_modules/semver": {
      "version": "7.8.5",
      "resolved": "https://registry.npmjs.org/semver/-/semver-7.8.5.tgz",
      "integrity": "sha512-Y7/KDsb8LjooZpwaqGyulO6DQlksgCncchHGk+sZIY4SBvUocMBEFH5Ur1fI4dV+Jvl0w6cjvucaIi40puRioA==",
      "license": "ISC",
      "bin": {
        "semver": "bin/semver.js"
      },
      "engines": {
        "node": ">=10"
      }
    },
    "node_modules/shimmer": {
      "version": "1.2.1",
      "resolved": "https://registry.npmjs.org/shimmer/-/shimmer-1.2.1.tgz",
      "integrity": "sha512-sQTKC1Re/rM6XyFM6fIAGHRPVGvyXfgzIDvzoq608vM+jeyVD0Tu1E6Np0Kc2zAIFWIj963V2800iF/9LPieQw==",
      "license": "BSD-2-Clause"
    },
    "node_modules/string-width": {
      "version": "4.2.3",
      "resolved": "https://registry.npmjs.org/string-width/-/string-width-4.2.3.tgz",
      "integrity": "sha512-wKyQRQpjJ0sIp62ErSZdGsjMJWsap5oRNihHhu6G7JVO/9jIB6UyevL+tXuOqrng8j/cxKTWyWUwvSTriiZz/g==",
      "license": "MIT",
      "dependencies": {
        "emoji-regex": "^8.0.0",
        "is-fullwidth-code-point": "^3.0.0",
        "strip-ansi": "^6.0.1"
      },
      "engines": {
        "node": ">=8"
      }
    },
    "node_modules/strip-ansi": {
      "version": "6.0.1",
      "resolved": "https://registry.npmjs.org/strip-ansi/-/strip-ansi-6.0.1.tgz",
      "integrity": "sha512-Y38VPSHcqkFrCpFnQ9vuSXmquuv5oXOKpGeT6aGrr3o3Gc9AlVa6JBfUSOCnbxGGZF+/0ooI7KrPuUSztUdU5A==",
      "license": "MIT",
      "dependencies": {
        "ansi-regex": "^5.0.1"
      },
      "engines": {
        "node": ">=8"
      }
    },
    "node_modules/supports-preserve-symlinks-flag": {
      "version": "1.0.0",
      "resolved": "https://registry.npmjs.org/supports-preserve-symlinks-flag/-/supports-preserve-symlinks-flag-1.0.0.tgz",
      "integrity": "sha512-ot0WnXS9fgdkgIcePe6RHNk1WA8+muPa6cSjeR3V8K27q9BB1rTE3R1p7Hv0z1ZyAc8s6Vvv8DIyWf681MAt0w==",
      "license": "MIT",
      "engines": {
        "node": ">= 0.4"
      },
      "funding": {
        "url": "https://github.com/sponsors/ljharb"
      }
    },
    "node_modules/undici-types": {
      "version": "8.3.0",
      "resolved": "https://registry.npmjs.org/undici-types/-/undici-types-8.3.0.tgz",
      "integrity": "sha512-j375ScV60dom+YkPFIfTLcOiPxkN/buHz5GobjLhixFuANaNs3C9l4GmrWqejgXWJ7BbJcFYpTEUkS1Ge8bpZQ==",
      "license": "MIT"
    },
    "node_modules/wrap-ansi": {
      "version": "7.0.0",
      "resolved": "https://registry.npmjs.org/wrap-ansi/-/wrap-ansi-7.0.0.tgz",
      "integrity": "sha512-YVGIj2kamLSTxw6NsZjoBxfSwsn0ycdesmc4p+Q21c5zPuZ1pl+NfxVdxPtdHvmNVOQ6XSYG4AUtyt/Fi7D16Q==",
      "license": "MIT",
      "dependencies": {
        "ansi-styles": "^4.0.0",
        "string-width": "^4.1.0",
        "strip-ansi": "^6.0.0"
      },
      "engines": {
        "node": ">=10"
      },
      "funding": {
        "url": "https://github.com/chalk/wrap-ansi?sponsor=1"
      }
    },
    "node_modules/y18n": {
      "version": "5.0.8",
      "resolved": "https://registry.npmjs.org/y18n/-/y18n-5.0.8.tgz",
      "integrity": "sha512-0pfFzegeDWJHJIAmTLRP2DwHjdF5s7jo9tuztdQxAhINCdvS+3nGINqPd00AphqJR/0LhANUS6/+7SCb98YOfA==",
      "license": "ISC",
      "engines": {
        "node": ">=10"
      }
    },
    "node_modules/yargs": {
      "version": "17.7.3",
      "resolved": "https://registry.npmjs.org/yargs/-/yargs-17.7.3.tgz",
      "integrity": "sha512-GZtjxm/J/4TSxuL3FNYjCmLktBTnIw/rVmKSIyKeYAZpmJB2ig9VauCC5xsa82GNKVKDAqpOn3KVzNt0zmrU0g==",
      "license": "MIT",
      "dependencies": {
        "cliui": "^8.0.1",
        "escalade": "^3.1.1",
        "get-caller-file": "^2.0.5",
        "require-directory": "^2.1.1",
        "string-width": "^4.2.3",
        "y18n": "^5.0.5",
        "yargs-parser": "^21.1.1"
      },
      "engines": {
        "node": ">=12"
      }
    },
    "node_modules/yargs-parser": {
      "version": "21.1.1",
      "resolved": "https://registry.npmjs.org/yargs-parser/-/yargs-parser-21.1.1.tgz",
      "integrity": "sha512-tVpsJW7DdjecAiFpbIB1e3qxIQsE6NoPc5/eTdrbbIC4h0LVsWhnoa3g+m2HclBIujHzsxZ4VJVA+GUuc2/LBw==",
      "license": "ISC",
      "engines": {
        "node": ">=12"
      }
    }
  }
}
